
Microsoft Visual Studio Solution File, Format Version 11.00
# Visual C# Express 2010
Project("{FAE04EC0-301F-11D3-BF4B-00C04F79EFBC}") = "fd.tools.bookmarks", "BkMgr\fd.tools.bookmarks.csproj", "{19109372-65DF-4A4E-9252-DBAD47D55318}"
EndProject
Project("{FAE04EC0-301F-11D3-BF4B-00C04F79EFBC}") = "fd.lib.ui.common", "UI\fd.lib.ui.common.csproj", "{B14825BB-370F-48A9-8AE3-343BB1528CA2}"
EndProject
Global
	GlobalSection(SolutionConfigurationPlatforms) = preSolution
		Debug|x86 = Debug|x86
		Release|x86 = Release|x86
	EndGlobalSection
	GlobalSection(ProjectConfigurationPlatforms) = postSolution
		{19109372-65DF-4A4E-9252-DBAD47D55318}.Debug|x86.ActiveCfg = Debug|x86
		{19109372-65DF-4A4E-9252-DBAD47D55318}.Debug|x86.Build.0 = Debug|x86
		{19109372-65DF-4A4E-9252-DBAD47D55318}.Release|x86.ActiveCfg = Release|x86
		{19109372-65DF-4A4E-9252-DBAD47D55318}.Release|x86.Build.0 = Release|x86
		{B14825BB-370F-48A9-8AE3-343BB1528CA2}.Debug|x86.ActiveCfg = Debug|x86
		{B14825BB-370F-48A9-8AE3-343BB1528CA2}.Debug|x86.Build.0 = Debug|x86
		{B14825BB-370F-48A9-8AE3-343BB1528CA2}.Release|x86.ActiveCfg = Release|x86
		{B14825BB-370F-48A9-8AE3-343BB1528CA2}.Release|x86.Build.0 = Release|x86
	EndGlobalSection
	GlobalSection(SolutionProperties) = preSolution
		HideSolutionNode = FALSE
	EndGlobalSection
EndGlobal
